
Microsoft Visual Studio Solution File, Format Version 12.00
# Visual Studio 15
VisualStudioVersion = 15.0.28307.106
MinimumVisualStudioVersion = 10.0.40219.1
Project("{FAE04EC0-301F-11D3-BF4B-00C04F79EFBC}") = "GitTesting", "GitTesting.csproj", "{D5ED8CD9-F583-4EC0-87BC-16970E14A68B}"
EndProject
Global
	GlobalSection(SolutionConfigurationPlatforms) = preSolution
		Debug|Any CPU = Debug|Any CPU
		Release|Any CPU = Release|Any CPU
	EndGlobalSection
	GlobalSection(ProjectConfigurationPlatforms) = postSolution
		{D5ED8CD9-F583-4EC0-87BC-16970E14A68B}.Debug|Any CPU.ActiveCfg = Debug|Any CPU
		{D5ED8CD9-F583-4EC0-87BC-16970E14A68B}.Debug|Any CPU.Build.0 = Debug|Any CPU
		{D5ED8CD9-F583-4EC0-87BC-16970E14A68B}.Release|Any CPU.ActiveCfg = Release|Any CPU
		{D5ED8CD9-F583-4EC0-87BC-16970E14A68B}.Release|Any CPU.Build.0 = Release|Any CPU
	EndGlobalSection
	GlobalSection(SolutionProperties) = preSolution
		HideSolutionNode = FALSE
	EndGlobalSection
	GlobalSection(ExtensibilityGlobals) = postSolution
		SolutionGuid = {1258A3EB-A38A-4869-A1EE-40C5E9F5A47D}
	EndGlobalSection
EndGlobal
